{
  "name": "coap-client",
  "version": "1.0.0",
  "lockfileVersion": 3,
  "requires": true,
  "packages": {
    "": {
      "name": "coap-client",
      "version": "1.0.0",
      "license": "ISC",
      "dependencies": {
        "node-coap-client": "^3.0.0"
      }
    },
    "node_modules/debug": {
      "version": "4.4.3",
      "resolved": "https://registry.npmjs.org/debug/-/debug-4.4.3.tgz",
      "integrity": "sha512-RGwwWnwQvkVfavKVt22FGLw+xYSdzARwm0ru6DhTVA3umU5hZc28V3kO4stgYryrTlLpuvgI9GiijltAjNbcqA==",
      "license": "MIT",
      "dependencies": {
        "ms": "^2.1.3"
      },
      "engines": {
        "node": ">=6.0"
      },
      "peerDependenciesMeta": {
        "supports-color": {
          "optional": true
        }
      }
    },
    "node_modules/ms": {
      "version": "2.1.3",
      "resolved": "https://registry.npmjs.org/ms/-/ms-2.1.3.tgz",
      "integrity": "sha512-6FlzubTLZG3J2a/NVCAleEhjzq5oxgHyaCU9yYXvcLsvoVaHJq/s5xXI6/XXP6tz7R9xAOtHnSO/tXtF3WRTlA==",
      "license": "MIT"
    },
    "node_modules/node-aead-crypto": {
      "version": "3.0.1",
      "resolved": "https://registry.npmjs.org/node-aead-crypto/-/node-aead-crypto-3.0.1.tgz",
      "integrity": "sha512-z1PSiyueg0Demr4iLJ5pqoB1NDP9OsBrsSiGGNx3GaQDBOWY2wyVjS4xRCPiWEN/yu3pgb2PklqaksW1Z4L8aw==",
      "license": "MIT",
      "optional": true,
      "engines": {
        "node": ">= 10"
      },
      "optionalDependencies": {
        "node-aead-crypto-android-arm-eabi": "3.0.1",
        "node-aead-crypto-android-arm64": "3.0.1",
        "node-aead-crypto-darwin-arm64": "3.0.1",
        "node-aead-crypto-darwin-universal": "3.0.1",
        "node-aead-crypto-darwin-x64": "3.0.1",
        "node-aead-crypto-linux-arm-gnueabihf": "3.0.1",
        "node-aead-crypto-linux-arm64-gnu": "3.0.1",
        "node-aead-crypto-linux-arm64-musl": "3.0.1",
        "node-aead-crypto-linux-x64-gnu": "3.0.1",
        "node-aead-crypto-linux-x64-musl": "3.0.1",
        "node-aead-crypto-win32-arm64-msvc": "3.0.1",
        "node-aead-crypto-win32-ia32-msvc": "3.0.1",
        "node-aead-crypto-win32-x64-msvc": "3.0.1"
      }
    },
    "node_modules/node-aead-crypto-android-arm-eabi": {
      "version": "3.0.1",
      "resolved": "https://registry.npmjs.org/node-aead-crypto-android-arm-eabi/-/node-aead-crypto-android-arm-eabi-3.0.1.tgz",
      "integrity": "sha512-bIAOQpwVPiAdi558WCOtbRQxjdQaQysLB12zzgb4LxXzNelNfQCx7gl/lBtQtsDd+MXTWW/acURM9X8c0Y627Q==",
      "cpu": [
        "arm"
      ],
      "license": "MIT",
      "optional": true,
      "os": [
        "android"
      ],
      "engines": {
        "node": ">= 10"
      }
    },
    "node_modules/node-aead-crypto-android-arm64": {
      "version": "3.0.1",
      "resolved": "https://registry.npmjs.org/node-aead-crypto-android-arm64/-/node-aead-crypto-android-arm64-3.0.1.tgz",
      "integrity": "sha512-EzKow9IduaOatF1hxoi2aNu+a70q7LtVVs/H04VcUBe93FbSuLRtSSOnEmvwwBProz2FV9Y0WhFrAbM+ruRXbA==",
      "cpu": [
        "arm64"
      ],
      "license": "MIT",
      "optional": true,
      "os": [
        "android"
      ],
      "engines": {
        "node": ">= 10"
      }
    },
    "node_modules/node-aead-crypto-darwin-arm64": {
      "version": "3.0.1",
      "resolved": "https://registry.npmjs.org/node-aead-crypto-darwin-arm64/-/node-aead-crypto-darwin-arm64-3.0.1.tgz",
      "integrity": "sha512-qb5jCE5xfKWJGNwFGhzpcdEZf16RDXOpHu2zckM1rZw4xpfZpSaIzU5J6mBTHzuYfQJrpQSj/sZPuFGIjqEvBA==",
      "cpu": [
        "arm64"
      ],
      "license": "MIT",
      "optional": true,
      "os": [
        "darwin"
      ],
      "engines": {
        "node": ">= 10"
      }
    },
    "node_modules/node-aead-crypto-darwin-universal": {
      "version": "3.0.1",
      "resolved": "https://registry.npmjs.org/node-aead-crypto-darwin-universal/-/node-aead-crypto-darwin-universal-3.0.1.tgz",
      "integrity": "sha512-0v44Z90wONd3B9KLPMWDi7p5IZLQUPBY27X9k2R9ZBuIgK00Zkyfd995xgaHeLPN8VLiddg5UmqdOISY88reMQ==",
      "license": "MIT",
      "optional": true,
      "os": [
        "darwin"
      ],
      "engines": {
        "node": ">= 10"
      }
    },
    "node_modules/node-aead-crypto-darwin-x64": {
      "version": "3.0.1",
      "resolved": "https://registry.npmjs.org/node-aead-crypto-darwin-x64/-/node-aead-crypto-darwin-x64-3.0.1.tgz",
      "integrity": "sha512-Co6T1sb9R0W6uxlDwnLRlmCP2+5ZKYlQYAY5cWMaTC3RApZY2Qz7GlsK3+6hBaGr8iu4BG2Qdvb5gpS9A9ngLQ==",
      "cpu": [
        "x64"
      ],
      "license": "MIT",
      "optional": true,
      "os": [
        "darwin"
      ],
      "engines": {
        "node": ">= 10"
      }
    },
    "node_modules/node-aead-crypto-linux-arm-gnueabihf": {
      "version": "3.0.1",
      "resolved": "https://registry.npmjs.org/node-aead-crypto-linux-arm-gnueabihf/-/node-aead-crypto-linux-arm-gnueabihf-3.0.1.tgz",
      "integrity": "sha512-5sZobc1hqIQyULpaOVXw6Q+UIgMRIX3/CzHrCvvmWdc9LXG7ZZ7jzv5F8uTXBtJMXBVm3JdmD5bcu80uy9hfPg==",
      "cpu": [
        "arm"
      ],
      "license": "MIT",
      "optional": true,
      "os": [
        "linux"
      ],
      "engines": {
        "node": ">= 10"
      }
    },
    "node_modules/node-aead-crypto-linux-arm64-gnu": {
      "version": "3.0.1",
      "resolved": "https://registry.npmjs.org/node-aead-crypto-linux-arm64-gnu/-/node-aead-crypto-linux-arm64-gnu-3.0.1.tgz",
      "integrity": "sha512-cieHU0schCllZlDj54SKlYYknZSqBB83K44mFrIjfA/QLo1LQ5vgzpL7xZZLYe82HdcHRtVBLn9zfl1rtb3x+w==",
      "cpu": [
        "arm64"
      ],
      "license": "MIT",
      "optional": true,
      "os": [
        "linux"
      ],
      "engines": {
        "node": ">= 10"
      }
    },
    "node_modules/node-aead-crypto-linux-arm64-musl": {
      "version": "3.0.1",
      "resolved": "https://registry.npmjs.org/node-aead-crypto-linux-arm64-musl/-/node-aead-crypto-linux-arm64-musl-3.0.1.tgz",
      "integrity": "sha512-NU2gUYA4cueaxXtULB4h+a85UIHLB6oH7lt9qHNSQtWkFesoQSUBStmzukX75zhNBI7tvi1Z+jukUrOPYe2ixQ==",
      "cpu": [
        "arm64"
      ],
      "license": "MIT",
      "optional": true,
      "os": [
        "linux"
      ],
      "engines": {
        "node": ">= 10"
      }
    },
    "node_modules/node-aead-crypto-linux-x64-gnu": {
      "version": "3.0.1",
      "resolved": "https://registry.npmjs.org/node-aead-crypto-linux-x64-gnu/-/node-aead-crypto-linux-x64-gnu-3.0.1.tgz",
      "integrity": "sha512-KK+JrrtagnpzBsOofLE+kAf5reB5LGllh1Sdxknccg0e9oQEsL5dzTCjof5iMSdKZEBBKGrWxftMl8UxAR56Jg==",
      "cpu": [
        "x64"
      ],
      "license": "MIT",
      "optional": true,
      "os": [
        "linux"
      ],
      "engines": {
        "node": ">= 10"
      }
    },
    "node_modules/node-aead-crypto-linux-x64-musl": {
      "version": "3.0.1",
      "resolved": "https://registry.npmjs.org/node-aead-crypto-linux-x64-musl/-/node-aead-crypto-linux-x64-musl-3.0.1.tgz",
      "integrity": "sha512-CniTRbq1q+qaN2a0MB3PYZZVYVl7rS54MxT9gMaOBEd7KuG5dXry7G/cwwbJ0oR3Agjyt2mTWcW36SjJPudKXw==",
      "cpu": [
        "x64"
      ],
      "license": "MIT",
      "optional": true,
      "os": [
        "linux"
      ],
      "engines": {
        "node": ">= 10"
      }
    },
    "node_modules/node-aead-crypto-win32-arm64-msvc": {
      "version": "3.0.1",
      "resolved": "https://registry.npmjs.org/node-aead-crypto-win32-arm64-msvc/-/node-aead-crypto-win32-arm64-msvc-3.0.1.tgz",
      "integrity": "sha512-zDpx5flNM+v9rwN1qwtHudubEqTDtALkL6aCX+KwBG2uccV/PNFsy9imCDyLT86A/7D+U6WPZCpafZgN+w2aBg==",
      "cpu": [
        "arm64"
      ],
      "license": "MIT",
      "optional": true,
      "os": [
        "win32"
      ],
      "engines": {
        "node": ">= 10"
      }
    },
    "node_modules/node-aead-crypto-win32-ia32-msvc": {
      "version": "3.0.1",
      "resolved": "https://registry.npmjs.org/node-aead-crypto-win32-ia32-msvc/-/node-aead-crypto-win32-ia32-msvc-3.0.1.tgz",
      "integrity": "sha512-XD3iIsFG4kWn+XT3PabblNmejS3rNjKAkihCM6R1nPHpGLZFKOPpkummRBi0dWs3s01cV6jx59YG2r1FsZwJ0g==",
      "cpu": [
        "ia32"
      ],
      "license": "MIT",
      "optional": true,
      "os": [
        "win32"
      ],
      "engines": {
        "node": ">= 10"
      }
    },
    "node_modules/node-aead-crypto-win32-x64-msvc": {
      "version": "3.0.1",
      "resolved": "https://registry.npmjs.org/node-aead-crypto-win32-x64-msvc/-/node-aead-crypto-win32-x64-msvc-3.0.1.tgz",
      "integrity": "sha512-I2rehJKYEDXlA2uf3Z/Cnjtg74ClO3cjZhpW/SVKHGfSnxSvLK7BJ3yNAV6x+XpaHBYJMlRvWZqnHqgaHuxWUA==",
      "cpu": [
        "x64"
      ],
      "license": "MIT",
      "optional": true,
      "os": [
        "win32"
      ],
      "engines": {
        "node": ">= 10"
      }
    },
    "node_modules/node-coap-client": {
      "version": "3.0.0",
      "resolved": "https://registry.npmjs.org/node-coap-client/-/node-coap-client-3.0.0.tgz",
      "integrity": "sha512-Pb9aXzPrn1BuqpCV3r1D23qc0mtVlfAVeEoFb7aIwo093F4rJNSTa/SFRaIyZ58GmF5DBFLsXkCPAUyDf0eTzQ==",
      "license": "MIT",
      "dependencies": {
        "debug": "^4.4.3",
        "node-dtls-client": "^2.0.2"
      },
      "engines": {
        "node": ">=22"
      }
    },
    "node_modules/node-dtls-client": {
      "version": "2.0.3",
      "resolved": "https://registry.npmjs.org/node-dtls-client/-/node-dtls-client-2.0.3.tgz",
      "integrity": "sha512-ScbVecbys0dHqBUBMuazwKQih2G/oMm+DqIVcpyQHjlDzk8sfr4tTMF5BfH220LMMMch6SLMRr4sq3VeUZrcug==",
      "license": "MIT",
      "dependencies": {
        "debug": "^4.3.4",
        "semver": "^7.7.4"
      },
      "engines": {
        "node": ">=22"
      },
      "optionalDependencies": {
        "node-aead-crypto": "^3.0.1"
      }
    },
    "node_modules/semver": {
      "version": "7.8.1",
      "resolved": "https://registry.npmjs.org/semver/-/semver-7.8.1.tgz",
      "integrity": "sha512-rkVq3IXh+4FDGch+KwzX3aV9W3kO54GyEgpvBzSyctDA6Xtd7RJQV1xmXbeQp5v7+VzLOfVqiutSE6GICgPFvg==",
      "license": "ISC",
      "bin": {
        "semver": "bin/semver.js"
      },
      "engines": {
        "node": ">=10"
      }
    }
  }
}
